
Microsoft Visual Studio Solution File, Format Version 12.00
# Visual Studio Version 17
VisualStudioVersion = 17.2.32516.85
MinimumVisualStudioVersion = 10.0.40219.1
Project("{FAE04EC0-301F-11D3-BF4B-00C04F79EFBC}") = "IMAGE TO MBIF", "IMAGE TO MBIF\IMAGE TO MBIF.csproj", "{EA4AC87A-E99A-4E6F-BA35-893D02A50A02}"
EndProject
Global
	GlobalSection(SolutionConfigurationPlatforms) = preSolution
		Debug|Any CPU = Debug|Any CPU
		Release|Any CPU = Release|Any CPU
	EndGlobalSection
	GlobalSection(ProjectConfigurationPlatforms) = postSolution
		{EA4AC87A-E99A-4E6F-BA35-893D02A50A02}.Debug|Any CPU.ActiveCfg = Debug|Any CPU
		{EA4AC87A-E99A-4E6F-BA35-893D02A50A02}.Debug|Any CPU.Build.0 = Debug|Any CPU
		{EA4AC87A-E99A-4E6F-BA35-893D02A50A02}.Release|Any CPU.ActiveCfg = Release|Any CPU
		{EA4AC87A-E99A-4E6F-BA35-893D02A50A02}.Release|Any CPU.Build.0 = Release|Any CPU
	EndGlobalSection
	GlobalSection(SolutionProperties) = preSolution
		HideSolutionNode = FALSE
	EndGlobalSection
	GlobalSection(ExtensibilityGlobals) = postSolution
		SolutionGuid = {18B1EE83-F379-446F-90B4-3F48AE7A9966}
	EndGlobalSection
EndGlobal
